# This file is automatically @generated by Cargo.
# It is not intended for manual editing.
version = 3

[[package]]
name = "common"
version = "0.1.0"
dependencies = [
 "either",
 "futures-lite",
 "log",
]

[[package]]
name = "either"
version = "1.13.0"
source = "registry+https://github.com/rust-lang/crates.io-index"
checksum = "60b1af1c220855b6ceac025d3f6ecdd2b7c4894bfe9cd9bda4fbb4bc7c0d4cf0"

[[package]]
name = "fastrand"
version = "2.2.0"
source = "registry+https://github.com/rust-lang/crates.io-index"
checksum = "486f806e73c5707928240ddc295403b1b93c96a02038563881c4a2fd84b81ac4"

[[package]]
name = "futures-core"
version = "0.3.31"
source = "registry+https://github.com/rust-lang/crates.io-index"
checksum = "05f29059c0c2090612e8d742178b0580d2dc940c837851ad723096f87af6663e"

[[package]]
name = "futures-lite"
version = "2.5.0"
source = "registry+https://github.com/rust-lang/crates.io-index"
checksum = "cef40d21ae2c515b51041df9ed313ed21e572df340ea58a922a0aefe7e8891a1"
dependencies = [
 "fastrand",
 "futures-core",
 "pin-project-lite",
]

[[package]]
name = "log"
version = "0.4.22"
source = "registry+https://github.com/rust-lang/crates.io-index"
checksum = "a7a70ba024b9dc04c27ea2f0c0548feb474ec5c54bba33a7f72f873a39d07b24"

[[package]]
name = "pin-project-lite"
version = "0.2.15"
source = "registry+https://github.com/rust-lang/crates.io-index"
checksum = "915a1e146535de9163f3987b8944ed8cf49a18bb0056bcebcdcece385cece4ff"
