# This file is automatically @generated by Cargo.
# It is not intended for manual editing.
version = 4

[[package]]
name = "addr2line"
version = "0.24.2"
source = "registry+https://github.com/rust-lang/crates.io-index"
checksum = "dfbe277e56a376000877090da837660b4427aad530e3028d44e0bffe4f89a1c1"
dependencies = [
 "gimli",
]

[[package]]
name = "adler2"
version = "2.0.0"
source = "registry+https://github.com/rust-lang/crates.io-index"
checksum = "512761e0bb2578dd7380c6baaa0f4ce03e84f95e960231d1dec8bf4d7d6e2627"

[[package]]
name = "aho-corasick"
version = "1.1.3"
source = "registry+https://github.com/rust-lang/crates.io-index"
checksum = "8e60d3430d3a69478ad0993f19238d2df97c507009a52b3c10addcd7f6bcb916"
dependencies = [
 "memchr",
]

[[package]]
name = "anstream"
version = "0.6.18"
source = "registry+https://github.com/rust-lang/crates.io-index"
checksum = "8acc5369981196006228e28809f761875c0327210a891e941f4c683b3a99529b"
dependencies = [
 "anstyle",
 "anstyle-parse",
 "anstyle-query",
 "anstyle-wincon",
 "colorchoice",
 "is_terminal_polyfill",
 "utf8parse",
]

[[package]]
name = "anstyle"
version = "1.0.10"
source = "registry+https://github.com/rust-lang/crates.io-index"
checksum = "55cc3b69f167a1ef2e161439aa98aed94e6028e5f9a59be9a6ffb47aef1651f9"

[[package]]
name = "anstyle-parse"
version = "0.2.6"
source = "registry+https://github.com/rust-lang/crates.io-index"
checksum = "3b2d16507662817a6a20a9ea92df6652ee4f94f914589377d69f3b21bc5798a9"
dependencies = [
 "utf8parse",
]

[[package]]
name = "anstyle-query"
version = "1.1.2"
source = "registry+https://github.com/rust-lang/crates.io-index"
checksum = "79947af37f4177cfead1110013d678905c37501914fba0efea834c3fe9a8d60c"
dependencies = [
 "windows-sys",
]

[[package]]
name = "anstyle-wincon"
version = "3.0.6"
source = "registry+https://github.com/rust-lang/crates.io-index"
checksum = "2109dbce0e72be3ec00bed26e6a7479ca384ad226efdd66db8fa2e3a38c83125"
dependencies = [
 "anstyle",
 "windows-sys",
]

[[package]]
name = "arbitrary"
version = "1.4.1"
source = "registry+https://github.com/rust-lang/crates.io-index"
checksum = "dde20b3d026af13f561bdd0f15edf01fc734f0dafcedbaf42bba506a9517f223"
dependencies = [
 "derive_arbitrary",
]

[[package]]
name = "arbtest"
version = "0.3.1"
source = "registry+https://github.com/rust-lang/crates.io-index"
checksum = "23909d5fb517fac2a8a4c887e847dbe41dd22ec46914586f5727980d0a193fdc"
dependencies = [
 "arbitrary",
]

[[package]]
name = "atomic-polyfill"
version = "1.0.3"
source = "registry+https://github.com/rust-lang/crates.io-index"
checksum = "8cf2bce30dfe09ef0bfaef228b9d414faaf7e563035494d7fe092dba54b300f4"
dependencies = [
 "critical-section",
]

[[package]]
name = "autocfg"
version = "1.4.0"
source = "registry+https://github.com/rust-lang/crates.io-index"
checksum = "ace50bade8e6234aa140d9a2f552bbee1db4d353f69b8217bc503490fc1a9f26"

[[package]]
name = "backtrace"
version = "0.3.74"
source = "registry+https://github.com/rust-lang/crates.io-index"
checksum = "8d82cb332cdfaed17ae235a638438ac4d4839913cc2af585c3c6746e8f8bee1a"
dependencies = [
 "addr2line",
 "cfg-if",
 "libc",
 "miniz_oxide",
 "object",
 "rustc-demangle",
 "windows-targets",
]

[[package]]
name = "bitfield-struct"
version = "0.8.0"
source = "registry+https://github.com/rust-lang/crates.io-index"
checksum = "de05f8756f1c68937349406d4632ae96ae35901019b5e59c508d9c38c64715fb"
dependencies = [
 "proc-macro2",
 "quote",
 "syn 2.0.89",
]

[[package]]
name = "bitflags"
version = "1.3.2"
source = "registry+https://github.com/rust-lang/crates.io-index"
checksum = "bef38d45163c2f1dde094a7dfd33ccf595c92905c8f8f4fdc18d06fb1037718a"

[[package]]
name = "bitflags"
version = "2.6.0"
source = "registry+https://github.com/rust-lang/crates.io-index"
checksum = "b048fb63fd8b5923fc5aa7b340d8e156aec7ec02f0c78fa8a6ddc2613f6f71de"

[[package]]
name = "block-buffer"
version = "0.10.4"
source = "registry+https://github.com/rust-lang/crates.io-index"
checksum = "3078c7629b62d3f0439517fa394996acacc5cbc91c5a20d8c658e77abd503a71"
dependencies = [
 "generic-array",
]

[[package]]
name = "byteorder"
version = "1.5.0"
source = "registry+https://github.com/rust-lang/crates.io-index"
checksum = "1fd0f2584146f6f2ef48085050886acf353beff7305ebd1ae69500e27c67f64b"

[[package]]
name = "cfg-if"
version = "1.0.0"
source = "registry+https://github.com/rust-lang/crates.io-index"
checksum = "baf1de4339761588bc0619e3cbc0120ee582ebb74b53b4efbf79117bd2da40fd"

[[package]]
name = "colorchoice"
version = "1.0.3"
source = "registry+https://github.com/rust-lang/crates.io-index"
checksum = "5b63caa9aa9397e2d9480a9b13673856c78d8ac123288526c37d7839f2a86990"

[[package]]
name = "common"
version = "0.1.0"
dependencies = [
 "log",
]

[[package]]
name = "const-gen"
version = "1.6.5"
source = "registry+https://github.com/rust-lang/crates.io-index"
checksum = "5fb4caa28784488578a9aa32e0a33f0543d961345fc25efc3f04243be3fa6299"
dependencies = [
 "const-gen-derive",
]

[[package]]
name = "const-gen-derive"
version = "1.1.6"
source = "registry+https://github.com/rust-lang/crates.io-index"
checksum = "28bbf64501318336d17ffb2ea6c28c791f2af3975f2c11205228c29e3a232f89"
dependencies = [
 "proc-macro2",
 "quote",
 "syn 1.0.109",
]

[[package]]
name = "const_soft_float"
version = "0.1.4"
source = "registry+https://github.com/rust-lang/crates.io-index"
checksum = "87ca1caa64ef4ed453e68bb3db612e51cf1b2f5b871337f0fcab1c8f87cc3dff"

[[package]]
name = "cpufeatures"
version = "0.2.16"
source = "registry+https://github.com/rust-lang/crates.io-index"
checksum = "16b80225097f2e5ae4e7179dd2266824648f3e2f49d9134d584b76389d31c4c3"
dependencies = [
 "libc",
]

[[package]]
name = "crc32fast"
version = "1.4.2"
source = "registry+https://github.com/rust-lang/crates.io-index"
checksum = "a97769d94ddab943e4510d138150169a2758b5ef3eb191a9ee688de3e23ef7b3"
dependencies = [
 "cfg-if",
]

[[package]]
name = "critical-section"
version = "1.2.0"
source = "registry+https://github.com/rust-lang/crates.io-index"
checksum = "790eea4361631c5e7d22598ecd5723ff611904e3344ce8720784c93e3d83d40b"

[[package]]
name = "crypto-common"
version = "0.1.6"
source = "registry+https://github.com/rust-lang/crates.io-index"
checksum = "1bfb12502f3fc46cca1bb51ac28df9d618d813cdc3d2f25b9fe775a34af26bb3"
dependencies = [
 "generic-array",
 "typenum",
]

[[package]]
name = "darling"
version = "0.20.10"
source = "registry+https://github.com/rust-lang/crates.io-index"
checksum = "6f63b86c8a8826a49b8c21f08a2d07338eec8d900540f8630dc76284be802989"
dependencies = [
 "darling_core",
 "darling_macro",
]

[[package]]
name = "darling_core"
version = "0.20.10"
source = "registry+https://github.com/rust-lang/crates.io-index"
checksum = "95133861a8032aaea082871032f5815eb9e98cef03fa916ab4500513994df9e5"
dependencies = [
 "fnv",
 "ident_case",
 "proc-macro2",
 "quote",
 "strsim",
 "syn 2.0.89",
]

[[package]]
name = "darling_macro"
version = "0.20.10"
source = "registry+https://github.com/rust-lang/crates.io-index"
checksum = "d336a2a514f6ccccaa3e09b02d41d35330c07ddf03a62165fcec10bb561c7806"
dependencies = [
 "darling_core",
 "quote",
 "syn 2.0.89",
]

[[package]]
name = "defile"
version = "0.2.1"
source = "registry+https://github.com/rust-lang/crates.io-index"
checksum = "fa3324a455850286c803c1c16d3835a44a9457765899417775e4dc6080cd942d"
dependencies = [
 "defile-proc_macros",
]

[[package]]
name = "defile-proc_macros"
version = "0.2.1"
source = "registry+https://github.com/rust-lang/crates.io-index"
checksum = "87c5c1460bfb0f719e899feab6ae532e5e0f059cdc85913bab8e6a0d7980245e"

[[package]]
name = "derive_arbitrary"
version = "1.4.1"
source = "registry+https://github.com/rust-lang/crates.io-index"
checksum = "30542c1ad912e0e3d22a1935c290e12e8a29d704a420177a31faad4a601a0800"
dependencies = [
 "proc-macro2",
 "quote",
 "syn 2.0.89",
]

[[package]]
name = "digest"
version = "0.10.7"
source = "registry+https://github.com/rust-lang/crates.io-index"
checksum = "9ed9a281f7bc9b7576e61468ba615a66a5c8cfdff42420a70aa82701a3b1e292"
dependencies = [
 "block-buffer",
 "crypto-common",
 "subtle",
]

[[package]]
name = "document-features"
version = "0.2.10"
source = "registry+https://github.com/rust-lang/crates.io-index"
checksum = "cb6969eaabd2421f8a2775cfd2471a2b634372b4a25d41e3bd647b79912850a0"
dependencies = [
 "litrs",
]

[[package]]
name = "embassy-executor"
version = "0.7.0"
source = "registry+https://github.com/rust-lang/crates.io-index"
checksum = "90327bcc66333a507f89ecc4e2d911b265c45f5c9bc241f98eee076752d35ac6"
dependencies = [
 "critical-section",
 "document-features",
 "embassy-executor-macros",
]

[[package]]
name = "embassy-executor-macros"
version = "0.6.2"
source = "registry+https://github.com/rust-lang/crates.io-index"
checksum = "3577b1e9446f61381179a330fc5324b01d511624c55f25e3c66c9e3c626dbecf"
dependencies = [
 "darling",
 "proc-macro2",
 "quote",
 "syn 2.0.89",
]

[[package]]
name = "embassy-futures"
version = "0.1.1"
source = "registry+https://github.com/rust-lang/crates.io-index"
checksum = "1f878075b9794c1e4ac788c95b728f26aa6366d32eeb10c7051389f898f7d067"

[[package]]
name = "embassy-net"
version = "0.6.0"
source = "registry+https://github.com/rust-lang/crates.io-index"
checksum = "ed041cc19a603d657124fddefdcbe5ef8bd60e77d972793ebb57de93394f5949"
dependencies = [
 "document-features",
 "embassy-net-driver",
 "embassy-sync",
 "embassy-time",
 "embedded-io-async",
 "embedded-nal-async",
 "heapless 0.8.0",
 "managed",
 "smoltcp",
]

[[package]]
name = "embassy-net-driver"
version = "0.2.0"
source = "registry+https://github.com/rust-lang/crates.io-index"
checksum = "524eb3c489760508f71360112bca70f6e53173e6fe48fc5f0efd0f5ab217751d"

[[package]]
name = "embassy-sync"
version = "0.6.1"
source = "registry+https://github.com/rust-lang/crates.io-index"
checksum = "3899a6e39fa3f54bf8aaf00979f9f9c0145a522f7244810533abbb748be6ce82"
dependencies = [
 "cfg-if",
 "critical-section",
 "embedded-io-async",
 "futures-sink",
 "futures-util",
 "heapless 0.8.0",
]

[[package]]
name = "embassy-time"
version = "0.4.0"
source = "registry+https://github.com/rust-lang/crates.io-index"
checksum = "f820157f198ada183ad62e0a66f554c610cdcd1a9f27d4b316358103ced7a1f8"
dependencies = [
 "cfg-if",
 "critical-section",
 "document-features",
 "embassy-time-driver",
 "embassy-time-queue-utils",
 "embedded-hal 0.2.7",
 "embedded-hal 1.0.0",
 "embedded-hal-async",
 "futures-util",
]

[[package]]
name = "embassy-time-driver"
version = "0.2.0"
source = "registry+https://github.com/rust-lang/crates.io-index"
checksum = "8d45f5d833b6d98bd2aab0c2de70b18bfaa10faf661a1578fd8e5dfb15eb7eba"
dependencies = [
 "document-features",
]

[[package]]
name = "embassy-time-queue-utils"
version = "0.1.0"
source = "registry+https://github.com/rust-lang/crates.io-index"
checksum = "dc55c748d16908a65b166d09ce976575fb8852cf60ccd06174092b41064d8f83"
dependencies = [
 "embassy-executor",
 "heapless 0.8.0",
]

[[package]]
name = "embedded-hal"
version = "0.2.7"
source = "registry+https://github.com/rust-lang/crates.io-index"
checksum = "35949884794ad573cf46071e41c9b60efb0cb311e3ca01f7af807af1debc66ff"
dependencies = [
 "nb 0.1.3",
 "void",
]

[[package]]
name = "embedded-hal"
version = "1.0.0"
source = "registry+https://github.com/rust-lang/crates.io-index"
checksum = "361a90feb7004eca4019fb28352a9465666b24f840f5c3cddf0ff13920590b89"

[[package]]
name = "embedded-hal-async"
version = "1.0.0"
source = "registry+https://github.com/rust-lang/crates.io-index"
checksum = "0c4c685bbef7fe13c3c6dd4da26841ed3980ef33e841cddfa15ce8a8fb3f1884"
dependencies = [
 "embedded-hal 1.0.0",
]

[[package]]
name = "embedded-io"
version = "0.6.1"
source = "registry+https://github.com/rust-lang/crates.io-index"
checksum = "edd0f118536f44f5ccd48bcb8b111bdc3de888b58c74639dfb034a357d0f206d"

[[package]]
name = "embedded-io-async"
version = "0.6.1"
source = "registry+https://github.com/rust-lang/crates.io-index"
checksum = "3ff09972d4073aa8c299395be75161d582e7629cd663171d62af73c8d50dba3f"
dependencies = [
 "embedded-io",
]

[[package]]
name = "embedded-nal"
version = "0.9.0"
source = "registry+https://github.com/rust-lang/crates.io-index"
checksum = "c56a28be191a992f28f178ec338a0bf02f63d7803244add736d026a471e6ed77"
dependencies = [
 "nb 1.1.0",
]

[[package]]
name = "embedded-nal-async"
version = "0.8.0"
source = "registry+https://github.com/rust-lang/crates.io-index"
checksum = "76959917cd2b86f40a98c28dd5624eddd1fa69d746241c8257eac428d83cb211"
dependencies = [
 "embedded-io-async",
 "embedded-nal",
]

[[package]]
name = "env_filter"
version = "0.1.2"
source = "registry+https://github.com/rust-lang/crates.io-index"
checksum = "4f2c92ceda6ceec50f43169f9ee8424fe2db276791afde7b2cd8bc084cb376ab"
dependencies = [
 "log",
 "regex",
]

[[package]]
name = "env_logger"
version = "0.11.5"
source = "registry+https://github.com/rust-lang/crates.io-index"
checksum = "e13fa619b91fb2381732789fc5de83b45675e882f66623b7d8cb4f643017018d"
dependencies = [
 "anstream",
 "anstyle",
 "env_filter",
 "humantime",
 "log",
]

[[package]]
name = "equivalent"
version = "1.0.1"
source = "registry+https://github.com/rust-lang/crates.io-index"
checksum = "5443807d6dff69373d433ab9ef5378ad8df50ca6298caf15de6e52e24aaf54d5"

[[package]]
name = "error_set"
version = "0.7.0"
source = "registry+https://github.com/rust-lang/crates.io-index"
checksum = "7f6b480d31460f72eda2955b10b81146f68e1e8ef5136d35e559939e2fde07f0"
dependencies = [
 "error_set_impl",
]

[[package]]
name = "error_set_impl"
version = "0.7.0"
source = "registry+https://github.com/rust-lang/crates.io-index"
checksum = "d449cd125912cacf5bb583db2a4f8730bea5d625e010ec5f84a939a6740d5cec"
dependencies = [
 "indices",
 "proc-macro2",
 "quote",
 "syn 2.0.89",
]

[[package]]
name = "fixedbitset"
version = "0.4.2"
source = "registry+https://github.com/rust-lang/crates.io-index"
checksum = "0ce7134b9999ecaf8bcd65542e436736ef32ddca1b3e06094cb6ec5755203b80"

[[package]]
name = "fnv"
version = "1.0.7"
source = "registry+https://github.com/rust-lang/crates.io-index"
checksum = "3f9eec918d3f24069decb9af1554cad7c880e2da24a9afd88aca000531ab82c1"

[[package]]
name = "futures"
version = "0.3.31"
source = "registry+https://github.com/rust-lang/crates.io-index"
checksum = "65bc07b1a8bc7c85c5f2e110c476c7389b4554ba72af57d8445ea63a576b0876"
dependencies = [
 "futures-channel",
 "futures-core",
 "futures-executor",
 "futures-io",
 "futures-sink",
 "futures-task",
 "futures-util",
]

[[package]]
name = "futures-channel"
version = "0.3.31"
source = "registry+https://github.com/rust-lang/crates.io-index"
checksum = "2dff15bf788c671c1934e366d07e30c1814a8ef514e1af724a602e8a2fbe1b10"
dependencies = [
 "futures-core",
 "futures-sink",
]

[[package]]
name = "futures-core"
version = "0.3.31"
source = "registry+https://github.com/rust-lang/crates.io-index"
checksum = "05f29059c0c2090612e8d742178b0580d2dc940c837851ad723096f87af6663e"

[[package]]
name = "futures-executor"
version = "0.3.31"
source = "registry+https://github.com/rust-lang/crates.io-index"
checksum = "1e28d1d997f585e54aebc3f97d39e72338912123a67330d723fdbb564d646c9f"
dependencies = [
 "futures-core",
 "futures-task",
 "futures-util",
]

[[package]]
name = "futures-io"
version = "0.3.31"
source = "registry+https://github.com/rust-lang/crates.io-index"
checksum = "9e5c1b78ca4aae1ac06c48a526a655760685149f0d465d21f37abfe57ce075c6"

[[package]]
name = "futures-macro"
version = "0.3.31"
source = "registry+https://github.com/rust-lang/crates.io-index"
checksum = "162ee34ebcb7c64a8abebc059ce0fee27c2262618d7b60ed8faf72fef13c3650"
dependencies = [
 "proc-macro2",
 "quote",
 "syn 2.0.89",
]

[[package]]
name = "futures-sink"
version = "0.3.31"
source = "registry+https://github.com/rust-lang/crates.io-index"
checksum = "e575fab7d1e0dcb8d0c7bcf9a63ee213816ab51902e6d244a95819acacf1d4f7"

[[package]]
name = "futures-task"
version = "0.3.31"
source = "registry+https://github.com/rust-lang/crates.io-index"
checksum = "f90f7dce0722e95104fcb095585910c0977252f286e354b5e3bd38902cd99988"

[[package]]
name = "futures-test"
version = "0.3.31"
source = "registry+https://github.com/rust-lang/crates.io-index"
checksum = "5961fb6311645f46e2cdc2964a8bfae6743fd72315eaec181a71ae3eb2467113"
dependencies = [
 "futures-core",
 "futures-executor",
 "futures-io",
 "futures-macro",
 "futures-sink",
 "futures-task",
 "futures-util",
 "pin-project",
]

[[package]]
name = "futures-util"
version = "0.3.31"
source = "registry+https://github.com/rust-lang/crates.io-index"
checksum = "9fa08315bb612088cc391249efdc3bc77536f16c91f6cf495e6fbe85b20a4a81"
dependencies = [
 "futures-channel",
 "futures-core",
 "futures-io",
 "futures-sink",
 "futures-task",
 "memchr",
 "pin-project-lite",
 "pin-utils",
 "slab",
]

[[package]]
name = "generic-array"
version = "0.14.7"
source = "registry+https://github.com/rust-lang/crates.io-index"
checksum = "85649ca51fd72272d7821adaf274ad91c288277713d9c18820d8499a7ff69e9a"
dependencies = [
 "typenum",
 "version_check",
]

[[package]]
name = "getrandom"
version = "0.2.15"
source = "registry+https://github.com/rust-lang/crates.io-index"
checksum = "c4567c8db10ae91089c99af84c68c38da3ec2f087c3f82960bcdbf3656b6f4d7"
dependencies = [
 "cfg-if",
 "libc",
 "wasi",
]

[[package]]
name = "gimli"
version = "0.31.1"
source = "registry+https://github.com/rust-lang/crates.io-index"
checksum = "07e28edb80900c19c28f1072f2e8aeca7fa06b23cd4169cefe1af5aa3260783f"

[[package]]
name = "hash32"
version = "0.2.1"
source = "registry+https://github.com/rust-lang/crates.io-index"
checksum = "b0c35f58762feb77d74ebe43bdbc3210f09be9fe6742234d573bacc26ed92b67"
dependencies = [
 "byteorder",
]

[[package]]
name = "hash32"
version = "0.3.1"
source = "registry+https://github.com/rust-lang/crates.io-index"
checksum = "47d60b12902ba28e2730cd37e95b8c9223af2808df9e902d4df49588d1470606"
dependencies = [
 "byteorder",
]

[[package]]
name = "hashbrown"
version = "0.15.2"
source = "registry+https://github.com/rust-lang/crates.io-index"
checksum = "bf151400ff0baff5465007dd2f3e717f3fe502074ca563069ce3a6629d07b289"

[[package]]
name = "heapless"
version = "0.7.17"
source = "registry+https://github.com/rust-lang/crates.io-index"
checksum = "cdc6457c0eb62c71aac4bc17216026d8410337c4126773b9c5daba343f17964f"
dependencies = [
 "atomic-polyfill",
 "hash32 0.2.1",
 "rustc_version",
 "spin",
 "stable_deref_trait",
]

[[package]]
name = "heapless"
version = "0.8.0"
source = "registry+https://github.com/rust-lang/crates.io-index"
checksum = "0bfb9eb618601c89945a70e254898da93b13be0388091d42117462b265bb3fad"
dependencies = [
 "hash32 0.3.1",
 "stable_deref_trait",
]

[[package]]
name = "hmac"
version = "0.12.1"
source = "registry+https://github.com/rust-lang/crates.io-index"
checksum = "6c49c37c09c17a53d937dfbb742eb3a961d65a994e6bcdcf37e7399d0cc8ab5e"
dependencies = [
 "digest",
]

[[package]]
name = "humantime"
version = "2.1.0"
source = "registry+https://github.com/rust-lang/crates.io-index"
checksum = "9a3a5bfb195931eeb336b2a7b4d761daec841b97f947d34394601737a7bba5e4"

[[package]]
name = "ident_case"
version = "1.0.1"
source = "registry+https://github.com/rust-lang/crates.io-index"
checksum = "b9e0384b61958566e926dc50660321d12159025e767c18e043daf26b70104c39"

[[package]]
name = "ieee80211"
version = "0.5.0"
source = "git+https://github.com/Frostie314159/ieee80211-rs#aa4e40084744dd58e42b44cc2a2fccbed87d40c9"
dependencies = [
 "bitfield-struct",
 "const_soft_float",
 "crc32fast",
 "hmac",
 "mac-parser",
 "macro-bits",
 "num",
 "pbkdf2",
 "scroll",
 "sha1",
 "tlv-rs",
]

[[package]]
name = "indexmap"
version = "2.7.0"
source = "registry+https://github.com/rust-lang/crates.io-index"
checksum = "62f822373a4fe84d4bb149bf54e584a7f4abec90e072ed49cda0edea5b95471f"
dependencies = [
 "equivalent",
 "hashbrown",
]

[[package]]
name = "indices"
version = "0.3.6"
source = "registry+https://github.com/rust-lang/crates.io-index"
checksum = "0e125c680c3871dc195cfd3ff94a877a78f31d5e9c1a3a62cce82689ece14bf7"

[[package]]
name = "is_terminal_polyfill"
version = "1.70.1"
source = "registry+https://github.com/rust-lang/crates.io-index"
checksum = "7943c866cc5cd64cbc25b2e01621d07fa8eb2a1a23160ee81ce38704e97b8ecf"

[[package]]
name = "libc"
version = "0.2.166"
source = "registry+https://github.com/rust-lang/crates.io-index"
checksum = "c2ccc108bbc0b1331bd061864e7cd823c0cab660bbe6970e66e2c0614decde36"

[[package]]
name = "litrs"
version = "0.4.1"
source = "registry+https://github.com/rust-lang/crates.io-index"
checksum = "b4ce301924b7887e9d637144fdade93f9dfff9b60981d4ac161db09720d39aa5"

[[package]]
name = "lock_api"
version = "0.4.12"
source = "registry+https://github.com/rust-lang/crates.io-index"
checksum = "07af8b9cdd281b7915f413fa73f29ebd5d55d0d3f0155584dade1ff18cea1b17"
dependencies = [
 "autocfg",
 "scopeguard",
]

[[package]]
name = "log"
version = "0.4.22"
source = "registry+https://github.com/rust-lang/crates.io-index"
checksum = "a7a70ba024b9dc04c27ea2f0c0548feb474ec5c54bba33a7f72f873a39d07b24"

[[package]]
name = "mac-parser"
version = "0.1.6"
source = "registry+https://github.com/rust-lang/crates.io-index"
checksum = "0232db59d79d889d40df09c8d66cc39f594c05ad2e06da8cf70c1be21c4c82f7"
dependencies = [
 "scroll",
]

[[package]]
name = "macro-bits"
version = "0.1.5"
source = "registry+https://github.com/rust-lang/crates.io-index"
checksum = "6eb7867e4591ecd9f96c60f33481a3a07783d6f1ab2de522d0f243c487260c9a"
dependencies = [
 "defile",
]

[[package]]
name = "managed"
version = "0.8.0"
source = "registry+https://github.com/rust-lang/crates.io-index"
checksum = "0ca88d725a0a943b096803bd34e73a4437208b6077654cc4ecb2947a5f91618d"

[[package]]
name = "memchr"
version = "2.7.4"
source = "registry+https://github.com/rust-lang/crates.io-index"
checksum = "78ca9ab1a0babb1e7d5695e3530886289c18cf2f87ec19a575a0abdce112e3a3"

[[package]]
name = "miniz_oxide"
version = "0.8.0"
source = "registry+https://github.com/rust-lang/crates.io-index"
checksum = "e2d80299ef12ff69b16a84bb182e3b9df68b5a91574d3d4fa6e41b65deec4df1"
dependencies = [
 "adler2",
]

[[package]]
name = "nb"
version = "0.1.3"
source = "registry+https://github.com/rust-lang/crates.io-index"
checksum = "801d31da0513b6ec5214e9bf433a77966320625a37860f910be265be6e18d06f"
dependencies = [
 "nb 1.1.0",
]

[[package]]
name = "nb"
version = "1.1.0"
source = "registry+https://github.com/rust-lang/crates.io-index"
checksum = "8d5439c4ad607c3c23abf66de8c8bf57ba8adcd1f129e699851a6e43935d339d"

[[package]]
name = "no-panic"
version = "0.1.32"
source = "registry+https://github.com/rust-lang/crates.io-index"
checksum = "13039f2e914d0c1b8674a6a63681cfb857c41f029920db505f850c36dee22df8"
dependencies = [
 "proc-macro2",
 "quote",
 "syn 2.0.89",
]

[[package]]
name = "num"
version = "0.4.3"
source = "registry+https://github.com/rust-lang/crates.io-index"
checksum = "35bd024e8b2ff75562e5f34e7f4905839deb4b22955ef5e73d2fea1b9813cb23"
dependencies = [
 "num-complex",
 "num-integer",
 "num-iter",
 "num-rational",
 "num-traits",
]

[[package]]
name = "num-complex"
version = "0.4.6"
source = "registry+https://github.com/rust-lang/crates.io-index"
checksum = "73f88a1307638156682bada9d7604135552957b7818057dcef22705b4d509495"
dependencies = [
 "num-traits",
]

[[package]]
name = "num-integer"
version = "0.1.46"
source = "registry+https://github.com/rust-lang/crates.io-index"
checksum = "7969661fd2958a5cb096e56c8e1ad0444ac2bbcd0061bd28660485a44879858f"
dependencies = [
 "num-traits",
]

[[package]]
name = "num-iter"
version = "0.1.45"
source = "registry+https://github.com/rust-lang/crates.io-index"
checksum = "1429034a0490724d0075ebb2bc9e875d6503c3cf69e235a8941aa757d83ef5bf"
dependencies = [
 "autocfg",
 "num-integer",
 "num-traits",
]

[[package]]
name = "num-rational"
version = "0.4.2"
source = "registry+https://github.com/rust-lang/crates.io-index"
checksum = "f83d14da390562dca69fc84082e73e548e1ad308d24accdedd2720017cb37824"
dependencies = [
 "num-integer",
 "num-traits",
]

[[package]]
name = "num-traits"
version = "0.2.19"
source = "registry+https://github.com/rust-lang/crates.io-index"
checksum = "071dfc062690e90b734c0b2273ce72ad0ffa95f0c74596bc250dcfd960262841"
dependencies = [
 "autocfg",
]

[[package]]
name = "object"
version = "0.36.5"
source = "registry+https://github.com/rust-lang/crates.io-index"
checksum = "aedf0a2d09c573ed1d8d85b30c119153926a2b36dce0ab28322c09a117a4683e"
dependencies = [
 "memchr",
]

[[package]]
name = "once_cell"
version = "1.20.2"
source = "registry+https://github.com/rust-lang/crates.io-index"
checksum = "1261fe7e33c73b354eab43b1273a57c8f967d0391e80353e51f764ac02cf6775"

[[package]]
name = "parking_lot"
version = "0.12.3"
source = "registry+https://github.com/rust-lang/crates.io-index"
checksum = "f1bf18183cf54e8d6059647fc3063646a1801cf30896933ec2311622cc4b9a27"
dependencies = [
 "lock_api",
 "parking_lot_core",
]

[[package]]
name = "parking_lot_core"
version = "0.9.10"
source = "registry+https://github.com/rust-lang/crates.io-index"
checksum = "1e401f977ab385c9e4e3ab30627d6f26d00e2c73eef317493c4ec6d468726cf8"
dependencies = [
 "backtrace",
 "cfg-if",
 "libc",
 "petgraph",
 "redox_syscall",
 "smallvec",
 "thread-id",
 "windows-targets",
]

[[package]]
name = "pbkdf2"
version = "0.12.2"
source = "registry+https://github.com/rust-lang/crates.io-index"
checksum = "f8ed6a7761f76e3b9f92dfb0a60a6a6477c61024b775147ff0973a02653abaf2"
dependencies = [
 "digest",
 "hmac",
]

[[package]]
name = "petgraph"
version = "0.6.5"
source = "registry+https://github.com/rust-lang/crates.io-index"
checksum = "b4c5cc86750666a3ed20bdaf5ca2a0344f9c67674cae0515bec2da16fbaa47db"
dependencies = [
 "fixedbitset",
 "indexmap",
]

[[package]]
name = "pin-project"
version = "1.1.7"
source = "registry+https://github.com/rust-lang/crates.io-index"
checksum = "be57f64e946e500c8ee36ef6331845d40a93055567ec57e8fae13efd33759b95"
dependencies = [
 "pin-project-internal",
]

[[package]]
name = "pin-project-internal"
version = "1.1.7"
source = "registry+https://github.com/rust-lang/crates.io-index"
checksum = "3c0f5fad0874fc7abcd4d750e76917eaebbecaa2c20bde22e1dbeeba8beb758c"
dependencies = [
 "proc-macro2",
 "quote",
 "syn 2.0.89",
]

[[package]]
name = "pin-project-lite"
version = "0.2.15"
source = "registry+https://github.com/rust-lang/crates.io-index"
checksum = "915a1e146535de9163f3987b8944ed8cf49a18bb0056bcebcdcece385cece4ff"

[[package]]
name = "pin-utils"
version = "0.1.0"
source = "registry+https://github.com/rust-lang/crates.io-index"
checksum = "8b870d8c151b6f2fb93e84a13146138f05d02ed11c7e7c54f8826aaaf7c9f184"

[[package]]
name = "portable-atomic"
version = "1.10.0"
source = "registry+https://github.com/rust-lang/crates.io-index"
checksum = "280dc24453071f1b63954171985a0b0d30058d287960968b9b2aca264c8d4ee6"

[[package]]
name = "ppv-lite86"
version = "0.2.20"
source = "registry+https://github.com/rust-lang/crates.io-index"
checksum = "77957b295656769bb8ad2b6a6b09d897d94f05c41b069aede1fcdaa675eaea04"
dependencies = [
 "zerocopy 0.7.35",
]

[[package]]
name = "proc-macro2"
version = "1.0.92"
source = "registry+https://github.com/rust-lang/crates.io-index"
checksum = "37d3544b3f2748c54e147655edb5025752e2303145b5aefb3c3ea2c78b973bb0"
dependencies = [
 "unicode-ident",
]

[[package]]
name = "quote"
version = "1.0.37"
source = "registry+https://github.com/rust-lang/crates.io-index"
checksum = "b5b9d34b8991d19d98081b46eacdd8eb58c6f2b201139f7c5f643cc155a633af"
dependencies = [
 "proc-macro2",
]

[[package]]
name = "rand"
version = "0.8.5"
source = "registry+https://github.com/rust-lang/crates.io-index"
checksum = "34af8d1a0e25924bc5b7c43c079c942339d8f0a8b57c39049bef581b46327404"
dependencies = [
 "libc",
 "rand_chacha",
 "rand_core",
]

[[package]]
name = "rand_chacha"
version = "0.3.1"
source = "registry+https://github.com/rust-lang/crates.io-index"
checksum = "e6c10a63a0fa32252be49d21e7709d4d4baf8d231c2dbce1eaa8141b9b127d88"
dependencies = [
 "ppv-lite86",
 "rand_core",
]

[[package]]
name = "rand_core"
version = "0.6.4"
source = "registry+https://github.com/rust-lang/crates.io-index"
checksum = "ec0be4795e2f6a28069bec0b5ff3e2ac9bafc99e6a9a7dc3547996c5c816922c"
dependencies = [
 "getrandom",
]

[[package]]
name = "redox_syscall"
version = "0.5.8"
source = "registry+https://github.com/rust-lang/crates.io-index"
checksum = "03a862b389f93e68874fbf580b9de08dd02facb9a788ebadaf4a3fd33cf58834"
dependencies = [
 "bitflags 2.6.0",
]

[[package]]
name = "regex"
version = "1.11.1"
source = "registry+https://github.com/rust-lang/crates.io-index"
checksum = "b544ef1b4eac5dc2db33ea63606ae9ffcfac26c1416a2806ae0bf5f56b201191"
dependencies = [
 "aho-corasick",
 "memchr",
 "regex-automata",
 "regex-syntax",
]

[[package]]
name = "regex-automata"
version = "0.4.9"
source = "registry+https://github.com/rust-lang/crates.io-index"
checksum = "809e8dc61f6de73b46c85f4c96486310fe304c434cfa43669d7b40f711150908"
dependencies = [
 "aho-corasick",
 "memchr",
 "regex-syntax",
]

[[package]]
name = "regex-syntax"
version = "0.8.5"
source = "registry+https://github.com/rust-lang/crates.io-index"
checksum = "2b15c43186be67a4fd63bee50d0303afffcef381492ebe2c5d87f324e1b8815c"

[[package]]
name = "rustc-demangle"
version = "0.1.24"
source = "registry+https://github.com/rust-lang/crates.io-index"
checksum = "719b953e2095829ee67db738b3bfa9fa368c94900df327b3f07fe6e794d2fe1f"

[[package]]
name = "rustc_version"
version = "0.4.1"
source = "registry+https://github.com/rust-lang/crates.io-index"
checksum = "cfcb3a22ef46e85b45de6ee7e79d063319ebb6594faafcf1c225ea92ab6e9b92"
dependencies = [
 "semver",
]

[[package]]
name = "scc"
version = "2.2.6"
source = "registry+https://github.com/rust-lang/crates.io-index"
checksum = "94b13f8ea6177672c49d12ed964cca44836f59621981b04a3e26b87e675181de"
dependencies = [
 "sdd",
]

[[package]]
name = "scopeguard"
version = "1.2.0"
source = "registry+https://github.com/rust-lang/crates.io-index"
checksum = "94143f37725109f92c262ed2cf5e59bce7498c01bcc1502d7b9afe439a4e9f49"

[[package]]
name = "scroll"
version = "0.12.0"
source = "registry+https://github.com/rust-lang/crates.io-index"
checksum = "6ab8598aa408498679922eff7fa985c25d58a90771bd6be794434c5277eab1a6"
dependencies = [
 "scroll_derive",
]

[[package]]
name = "scroll_derive"
version = "0.12.0"
source = "registry+https://github.com/rust-lang/crates.io-index"
checksum = "7f81c2fde025af7e69b1d1420531c8a8811ca898919db177141a85313b1cb932"
dependencies = [
 "proc-macro2",
 "quote",
 "syn 2.0.89",
]

[[package]]
name = "sdd"
version = "3.0.5"
source = "registry+https://github.com/rust-lang/crates.io-index"
checksum = "478f121bb72bbf63c52c93011ea1791dca40140dfe13f8336c4c5ac952c33aa9"

[[package]]
name = "semver"
version = "1.0.23"
source = "registry+https://github.com/rust-lang/crates.io-index"
checksum = "61697e0a1c7e512e84a621326239844a24d8207b4669b41bc18b32ea5cbf988b"

[[package]]
name = "serial_test"
version = "3.2.0"
source = "registry+https://github.com/rust-lang/crates.io-index"
checksum = "1b258109f244e1d6891bf1053a55d63a5cd4f8f4c30cf9a1280989f80e7a1fa9"
dependencies = [
 "futures",
 "log",
 "once_cell",
 "parking_lot",
 "scc",
 "serial_test_derive",
]

[[package]]
name = "serial_test_derive"
version = "3.2.0"
source = "registry+https://github.com/rust-lang/crates.io-index"
checksum = "5d69265a08751de7844521fd15003ae0a888e035773ba05695c5c759a6f89eef"
dependencies = [
 "proc-macro2",
 "quote",
 "syn 2.0.89",
]

[[package]]
name = "sha1"
version = "0.10.6"
source = "registry+https://github.com/rust-lang/crates.io-index"
checksum = "e3bf829a2d51ab4a5ddf1352d8470c140cadc8301b2ae1789db023f01cedd6ba"
dependencies = [
 "cfg-if",
 "cpufeatures",
 "digest",
]

[[package]]
name = "slab"
version = "0.4.9"
source = "registry+https://github.com/rust-lang/crates.io-index"
checksum = "8f92a496fb766b417c996b9c5e57daf2f7ad3b0bebe1ccfca4856390e3d3bb67"
dependencies = [
 "autocfg",
]

[[package]]
name = "smallvec"
version = "1.13.2"
source = "registry+https://github.com/rust-lang/crates.io-index"
checksum = "3c5e1a9a646d36c3599cd173a41282daf47c44583ad367b8e6837255952e5c67"

[[package]]
name = "smoltcp"
version = "0.12.0"
source = "registry+https://github.com/rust-lang/crates.io-index"
checksum = "dad095989c1533c1c266d9b1e8d70a1329dd3723c3edac6d03bbd67e7bf6f4bb"
dependencies = [
 "bitflags 1.3.2",
 "byteorder",
 "cfg-if",
 "heapless 0.8.0",
 "log",
 "managed",
]

[[package]]
name = "spin"
version = "0.9.8"
source = "registry+https://github.com/rust-lang/crates.io-index"
checksum = "6980e8d7511241f8acf4aebddbb1ff938df5eebe98691418c4468d0b72a96a67"
dependencies = [
 "lock_api",
]

[[package]]
name = "stable_deref_trait"
version = "1.2.0"
source = "registry+https://github.com/rust-lang/crates.io-index"
checksum = "a8f112729512f8e442d81f95a8a7ddf2b7c6b8a1a6f509a95864142b30cab2d3"

[[package]]
name = "static_cell"
version = "2.1.0"
source = "registry+https://github.com/rust-lang/crates.io-index"
checksum = "d89b0684884a883431282db1e4343f34afc2ff6996fe1f4a1664519b66e14c1e"
dependencies = [
 "portable-atomic",
]

[[package]]
name = "strsim"
version = "0.11.1"
source = "registry+https://github.com/rust-lang/crates.io-index"
checksum = "7da8b5736845d9f2fcb837ea5d9e2628564b3b043a70948a3f0b778838c5fb4f"

[[package]]
name = "subtle"
version = "2.6.1"
source = "registry+https://github.com/rust-lang/crates.io-index"
checksum = "13c2bddecc57b384dee18652358fb23172facb8a2c51ccc10d74c157bdea3292"

[[package]]
name = "syn"
version = "1.0.109"
source = "registry+https://github.com/rust-lang/crates.io-index"
checksum = "72b64191b275b66ffe2469e8af2c1cfe3bafa67b529ead792a6d0160888b4237"
dependencies = [
 "proc-macro2",
 "quote",
 "unicode-ident",
]

[[package]]
name = "syn"
version = "2.0.89"
source = "registry+https://github.com/rust-lang/crates.io-index"
checksum = "44d46482f1c1c87acd84dea20c1bf5ebff4c757009ed6bf19cfd36fb10e92c4e"
dependencies = [
 "proc-macro2",
 "quote",
 "unicode-ident",
]

[[package]]
name = "thread-id"
version = "4.2.2"
source = "registry+https://github.com/rust-lang/crates.io-index"
checksum = "cfe8f25bbdd100db7e1d34acf7fd2dc59c4bf8f7483f505eaa7d4f12f76cc0ea"
dependencies = [
 "libc",
 "winapi",
]

[[package]]
name = "tlv-rs"
version = "0.2.4"
source = "registry+https://github.com/rust-lang/crates.io-index"
checksum = "11652cddb16c63624ab8c0d49187b65a20c41b66664c9d16b4d36c4748d64ed0"
dependencies = [
 "heapless 0.7.17",
 "no-panic",
 "scroll",
]

[[package]]
name = "tree_mesh"
version = "0.1.0"
dependencies = [
 "arbitrary",
 "arbtest",
 "common",
 "const-gen",
 "critical-section",
 "embassy-executor",
 "embassy-futures",
 "embassy-net",
 "embassy-sync",
 "embassy-time",
 "embassy-time-driver",
 "embedded-io-async",
 "env_logger",
 "error_set",
 "futures-test",
 "heapless 0.8.0",
 "ieee80211",
 "log",
 "parking_lot",
 "petgraph",
 "rand",
 "scroll",
 "serial_test",
 "smoltcp",
 "static_cell",
 "tree_mesh",
 "zerocopy 0.8.14",
]

[[package]]
name = "typenum"
version = "1.17.0"
source = "registry+https://github.com/rust-lang/crates.io-index"
checksum = "42ff0bf0c66b8238c6f3b578df37d0b7848e55df8577b3f74f92a69acceeb825"

[[package]]
name = "unicode-ident"
version = "1.0.14"
source = "registry+https://github.com/rust-lang/crates.io-index"
checksum = "adb9e6ca4f869e1180728b7950e35922a7fc6397f7b641499e8f3ef06e50dc83"

[[package]]
name = "utf8parse"
version = "0.2.2"
source = "registry+https://github.com/rust-lang/crates.io-index"
checksum = "06abde3611657adf66d383f00b093d7faecc7fa57071cce2578660c9f1010821"

[[package]]
name = "version_check"
version = "0.9.5"
source = "registry+https://github.com/rust-lang/crates.io-index"
checksum = "0b928f33d975fc6ad9f86c8f283853ad26bdd5b10b7f1542aa2fa15e2289105a"

[[package]]
name = "void"
version = "1.0.2"
source = "registry+https://github.com/rust-lang/crates.io-index"
checksum = "6a02e4885ed3bc0f2de90ea6dd45ebcbb66dacffe03547fadbb0eeae2770887d"

[[package]]
name = "wasi"
version = "0.11.0+wasi-snapshot-preview1"
source = "registry+https://github.com/rust-lang/crates.io-index"
checksum = "9c8d87e72b64a3b4db28d11ce29237c246188f4f51057d65a7eab63b7987e423"

[[package]]
name = "winapi"
version = "0.3.9"
source = "registry+https://github.com/rust-lang/crates.io-index"
checksum = "5c839a674fcd7a98952e593242ea400abe93992746761e38641405d28b00f419"
dependencies = [
 "winapi-i686-pc-windows-gnu",
 "winapi-x86_64-pc-windows-gnu",
]

[[package]]
name = "winapi-i686-pc-windows-gnu"
version = "0.4.0"
source = "registry+https://github.com/rust-lang/crates.io-index"
checksum = "ac3b87c63620426dd9b991e5ce0329eff545bccbbb34f3be09ff6fb6ab51b7b6"

[[package]]
name = "winapi-x86_64-pc-windows-gnu"
version = "0.4.0"
source = "registry+https://github.com/rust-lang/crates.io-index"
checksum = "712e227841d057c1ee1cd2fb22fa7e5a5461ae8e48fa2ca79ec42cfc1931183f"

[[package]]
name = "windows-sys"
version = "0.59.0"
source = "registry+https://github.com/rust-lang/crates.io-index"
checksum = "1e38bc4d79ed67fd075bcc251a1c39b32a1776bbe92e5bef1f0bf1f8c531853b"
dependencies = [
 "windows-targets",
]

[[package]]
name = "windows-targets"
version = "0.52.6"
source = "registry+https://github.com/rust-lang/crates.io-index"
checksum = "9b724f72796e036ab90c1021d4780d4d3d648aca59e491e6b98e725b84e99973"
dependencies = [
 "windows_aarch64_gnullvm",
 "windows_aarch64_msvc",
 "windows_i686_gnu",
 "windows_i686_gnullvm",
 "windows_i686_msvc",
 "windows_x86_64_gnu",
 "windows_x86_64_gnullvm",
 "windows_x86_64_msvc",
]

[[package]]
name = "windows_aarch64_gnullvm"
version = "0.52.6"
source = "registry+https://github.com/rust-lang/crates.io-index"
checksum = "32a4622180e7a0ec044bb555404c800bc9fd9ec262ec147edd5989ccd0c02cd3"

[[package]]
name = "windows_aarch64_msvc"
version = "0.52.6"
source = "registry+https://github.com/rust-lang/crates.io-index"
checksum = "09ec2a7bb152e2252b53fa7803150007879548bc709c039df7627cabbd05d469"

[[package]]
name = "windows_i686_gnu"
version = "0.52.6"
source = "registry+https://github.com/rust-lang/crates.io-index"
checksum = "8e9b5ad5ab802e97eb8e295ac6720e509ee4c243f69d781394014ebfe8bbfa0b"

[[package]]
name = "windows_i686_gnullvm"
version = "0.52.6"
source = "registry+https://github.com/rust-lang/crates.io-index"
checksum = "0eee52d38c090b3caa76c563b86c3a4bd71ef1a819287c19d586d7334ae8ed66"

[[package]]
name = "windows_i686_msvc"
version = "0.52.6"
source = "registry+https://github.com/rust-lang/crates.io-index"
checksum = "240948bc05c5e7c6dabba28bf89d89ffce3e303022809e73deaefe4f6ec56c66"

[[package]]
name = "windows_x86_64_gnu"
version = "0.52.6"
source = "registry+https://github.com/rust-lang/crates.io-index"
checksum = "147a5c80aabfbf0c7d901cb5895d1de30ef2907eb21fbbab29ca94c5b08b1a78"

[[package]]
name = "windows_x86_64_gnullvm"
version = "0.52.6"
source = "registry+https://github.com/rust-lang/crates.io-index"
checksum = "24d5b23dc417412679681396f2b49f3de8c1473deb516bd34410872eff51ed0d"

[[package]]
name = "windows_x86_64_msvc"
version = "0.52.6"
source = "registry+https://github.com/rust-lang/crates.io-index"
checksum = "589f6da84c646204747d1270a2a5661ea66ed1cced2631d546fdfb155959f9ec"

[[package]]
name = "zerocopy"
version = "0.7.35"
source = "registry+https://github.com/rust-lang/crates.io-index"
checksum = "1b9b4fd18abc82b8136838da5d50bae7bdea537c574d8dc1a34ed098d6c166f0"
dependencies = [
 "byteorder",
 "zerocopy-derive 0.7.35",
]

[[package]]
name = "zerocopy"
version = "0.8.14"
source = "registry+https://github.com/rust-lang/crates.io-index"
checksum = "a367f292d93d4eab890745e75a778da40909cab4d6ff8173693812f79c4a2468"
dependencies = [
 "zerocopy-derive 0.8.14",
]

[[package]]
name = "zerocopy-derive"
version = "0.7.35"
source = "registry+https://github.com/rust-lang/crates.io-index"
checksum = "fa4f8080344d4671fb4e831a13ad1e68092748387dfc4f55e356242fae12ce3e"
dependencies = [
 "proc-macro2",
 "quote",
 "syn 2.0.89",
]

[[package]]
name = "zerocopy-derive"
version = "0.8.14"
source = "registry+https://github.com/rust-lang/crates.io-index"
checksum = "d3931cb58c62c13adec22e38686b559c86a30565e16ad6e8510a337cedc611e1"
dependencies = [
 "proc-macro2",
 "quote",
 "syn 2.0.89",
]
